
Microsoft Visual Studio Solution File, Format Version 12.00
# Visual Studio Version 17
VisualStudioVersion = 17.4.33403.182
MinimumVisualStudioVersion = 10.0.40219.1
Project("{FAE04EC0-301F-11D3-BF4B-00C04F79EFBC}") = "Udon", "Udon\Udon.csproj", "{8BD05554-564D-4E26-8A28-420BFDA2636B}"
EndProject
Global
	GlobalSection(SolutionConfigurationPlatforms) = preSolution
		Debug|Any CPU = Debug|Any CPU
		Release|Any CPU = Release|Any CPU
	EndGlobalSection
	GlobalSection(ProjectConfigurationPlatforms) = postSolution
		{8BD05554-564D-4E26-8A28-420BFDA2636B}.Debug|Any CPU.ActiveCfg = Debug|Any CPU
		{8BD05554-564D-4E26-8A28-420BFDA2636B}.Debug|Any CPU.Build.0 = Debug|Any CPU
		{8BD05554-564D-4E26-8A28-420BFDA2636B}.Release|Any CPU.ActiveCfg = Release|Any CPU
		{8BD05554-564D-4E26-8A28-420BFDA2636B}.Release|Any CPU.Build.0 = Release|Any CPU
	EndGlobalSection
	GlobalSection(SolutionProperties) = preSolution
		HideSolutionNode = FALSE
	EndGlobalSection
	GlobalSection(ExtensibilityGlobals) = postSolution
		SolutionGuid = {5432DF5D-0BD2-49F1-9B1E-0EA613FAB87B}
	EndGlobalSection
EndGlobal
